
Microsoft Visual Studio Solution File, Format Version 12.00
# Visual Studio Version 17
VisualStudioVersion = 17.4.33103.184
MinimumVisualStudioVersion = 10.0.40219.1
Project("{9A19103F-16F7-4668-BE54-9A1E7A4F7556}") = "PC1", "PC1\PC1.csproj", "{9E6F26C0-2234-424A-BD01-BB60CCFFE58D}"
EndProject
Global
	GlobalSection(SolutionConfigurationPlatforms) = preSolution
		Debug|Any CPU = Debug|Any CPU
		Debug|x64 = Debug|x64
		Release|Any CPU = Release|Any CPU
		Release|x64 = Release|x64
	EndGlobalSection
	GlobalSection(ProjectConfigurationPlatforms) = postSolution
		{9E6F26C0-2234-424A-BD01-BB60CCFFE58D}.Debug|Any CPU.ActiveCfg = Debug|Any CPU
		{9E6F26C0-2234-424A-BD01-BB60CCFFE58D}.Debug|Any CPU.Build.0 = Debug|Any CPU
		{9E6F26C0-2234-424A-BD01-BB60CCFFE58D}.Debug|x64.ActiveCfg = Debug|x64
		{9E6F26C0-2234-424A-BD01-BB60CCFFE58D}.Debug|x64.Build.0 = Debug|x64
		{9E6F26C0-2234-424A-BD01-BB60CCFFE58D}.Release|Any CPU.ActiveCfg = Release|Any CPU
		{9E6F26C0-2234-424A-BD01-BB60CCFFE58D}.Release|Any CPU.Build.0 = Release|Any CPU
		{9E6F26C0-2234-424A-BD01-BB60CCFFE58D}.Release|x64.ActiveCfg = Release|x64
		{9E6F26C0-2234-424A-BD01-BB60CCFFE58D}.Release|x64.Build.0 = Release|x64
	EndGlobalSection
	GlobalSection(SolutionProperties) = preSolution
		HideSolutionNode = FALSE
	EndGlobalSection
	GlobalSection(ExtensibilityGlobals) = postSolution
		SolutionGuid = {3E1A2EE1-7198-477E-9931-E5B954D2B6AA}
	EndGlobalSection
EndGlobal
