
Microsoft Visual Studio Solution File, Format Version 12.00
# Visual Studio Version 16
VisualStudioVersion = 16.0.32126.315
MinimumVisualStudioVersion = 10.0.40219.1
Project("{FAE04EC0-301F-11D3-BF4B-00C04F79EFBC}") = "PC1", "PC1\PC1.csproj", "{9E6F26C0-2234-424A-BD01-BB60CCFFE58D}"
EndProject
Global
	GlobalSection(SolutionConfigurationPlatforms) = preSolution
		Debug|Any CPU = Debug|Any CPU
		Release|Any CPU = Release|Any CPU
	EndGlobalSection
	GlobalSection(ProjectConfigurationPlatforms) = postSolution
		{9E6F26C0-2234-424A-BD01-BB60CCFFE58D}.Debug|Any CPU.ActiveCfg = Debug|Any CPU
		{9E6F26C0-2234-424A-BD01-BB60CCFFE58D}.Debug|Any CPU.Build.0 = Debug|Any CPU
		{9E6F26C0-2234-424A-BD01-BB60CCFFE58D}.Release|Any CPU.ActiveCfg = Release|Any CPU
		{9E6F26C0-2234-424A-BD01-BB60CCFFE58D}.Release|Any CPU.Build.0 = Release|Any CPU
	EndGlobalSection
	GlobalSection(SolutionProperties) = preSolution
		HideSolutionNode = FALSE
	EndGlobalSection
	GlobalSection(ExtensibilityGlobals) = postSolution
		SolutionGuid = {3E1A2EE1-7198-477E-9931-E5B954D2B6AA}
	EndGlobalSection
EndGlobal
